
Microsoft Visual Studio Solution File, Format Version 12.00
# Visual Studio Version 16
VisualStudioVersion = 16.0.30114.105
MinimumVisualStudioVersion = 10.0.40219.1
Project("{FAE04EC0-301F-11D3-BF4B-00C04F79EFBC}") = "DataStructuresTests", "DataStructuresTests\DataStructuresTests.csproj", "{C22713C6-FB76-491A-BDAF-DC738A75EDBA}"
EndProject
Project("{FAE04EC0-301F-11D3-BF4B-00C04F79EFBC}") = "DataStructures", "DataStructures\DataStructures.csproj", "{4E783312-32F4-42A3-BFCD-68FB20D3F55F}"
EndProject
Global
	GlobalSection(SolutionConfigurationPlatforms) = preSolution
		Debug|Any CPU = Debug|Any CPU
		Release|Any CPU = Release|Any CPU
	EndGlobalSection
	GlobalSection(SolutionProperties) = preSolution
		HideSolutionNode = FALSE
	EndGlobalSection
	GlobalSection(ProjectConfigurationPlatforms) = postSolution
		{C22713C6-FB76-491A-BDAF-DC738A75EDBA}.Debug|Any CPU.ActiveCfg = Debug|Any CPU
		{C22713C6-FB76-491A-BDAF-DC738A75EDBA}.Debug|Any CPU.Build.0 = Debug|Any CPU
		{C22713C6-FB76-491A-BDAF-DC738A75EDBA}.Release|Any CPU.ActiveCfg = Release|Any CPU
		{C22713C6-FB76-491A-BDAF-DC738A75EDBA}.Release|Any CPU.Build.0 = Release|Any CPU
		{4E783312-32F4-42A3-BFCD-68FB20D3F55F}.Debug|Any CPU.ActiveCfg = Debug|Any CPU
		{4E783312-32F4-42A3-BFCD-68FB20D3F55F}.Debug|Any CPU.Build.0 = Debug|Any CPU
		{4E783312-32F4-42A3-BFCD-68FB20D3F55F}.Release|Any CPU.ActiveCfg = Release|Any CPU
		{4E783312-32F4-42A3-BFCD-68FB20D3F55F}.Release|Any CPU.Build.0 = Release|Any CPU
	EndGlobalSection
EndGlobal
